
Microsoft Visual Studio Solution File, Format Version 12.00
# Visual Studio Version 16
VisualStudioVersion = 16.0.32510.428
MinimumVisualStudioVersion = 10.0.40219.1
Project("{FAE04EC0-301F-11D3-BF4B-00C04F79EFBC}") = "NevillieAlgorithm", "NevillieAlgorithm\NevillieAlgorithm.csproj", "{BCB5EB7D-2B99-406E-9A00-EE55F505CF52}"
EndProject
Global
	GlobalSection(SolutionConfigurationPlatforms) = preSolution
		Debug|Any CPU = Debug|Any CPU
		Release|Any CPU = Release|Any CPU
	EndGlobalSection
	GlobalSection(ProjectConfigurationPlatforms) = postSolution
		{BCB5EB7D-2B99-406E-9A00-EE55F505CF52}.Debug|Any CPU.ActiveCfg = Debug|Any CPU
		{BCB5EB7D-2B99-406E-9A00-EE55F505CF52}.Debug|Any CPU.Build.0 = Debug|Any CPU
		{BCB5EB7D-2B99-406E-9A00-EE55F505CF52}.Release|Any CPU.ActiveCfg = Release|Any CPU
		{BCB5EB7D-2B99-406E-9A00-EE55F505CF52}.Release|Any CPU.Build.0 = Release|Any CPU
	EndGlobalSection
	GlobalSection(SolutionProperties) = preSolution
		HideSolutionNode = FALSE
	EndGlobalSection
	GlobalSection(ExtensibilityGlobals) = postSolution
		SolutionGuid = {9B3F8620-4EB7-4D98-B1A0-FEDA8B18E427}
	EndGlobalSection
EndGlobal
